
Microsoft Visual Studio Solution File, Format Version 12.00
# Visual Studio Version 17
VisualStudioVersion = 17.4.33205.214
MinimumVisualStudioVersion = 10.0.40219.1
Project("{FAE04EC0-301F-11D3-BF4B-00C04F79EFBC}") = "Fundamentos_C_Sharp", "Fundamentos_C_Sharp\Fundamentos_C_Sharp.csproj", "{A7CCE20F-2211-4EF6-8CC7-00B6CF39E0AE}"
EndProject
Global
	GlobalSection(SolutionConfigurationPlatforms) = preSolution
		Debug|Any CPU = Debug|Any CPU
		Release|Any CPU = Release|Any CPU
	EndGlobalSection
	GlobalSection(ProjectConfigurationPlatforms) = postSolution
		{A7CCE20F-2211-4EF6-8CC7-00B6CF39E0AE}.Debug|Any CPU.ActiveCfg = Debug|Any CPU
		{A7CCE20F-2211-4EF6-8CC7-00B6CF39E0AE}.Debug|Any CPU.Build.0 = Debug|Any CPU
		{A7CCE20F-2211-4EF6-8CC7-00B6CF39E0AE}.Release|Any CPU.ActiveCfg = Release|Any CPU
		{A7CCE20F-2211-4EF6-8CC7-00B6CF39E0AE}.Release|Any CPU.Build.0 = Release|Any CPU
	EndGlobalSection
	GlobalSection(SolutionProperties) = preSolution
		HideSolutionNode = FALSE
	EndGlobalSection
	GlobalSection(ExtensibilityGlobals) = postSolution
		SolutionGuid = {CCAEDC0D-9429-47D0-A9DD-6013E66897E8}
	EndGlobalSection
EndGlobal
